<?xml version="1.0" encoding="utf-8"?>
<Project ToolsVersion="4.0" xmlns="http://schemas.microsoft.com/developer/msbuild/2003">
  <ItemGroup>
    <Filter Include="Source Files">
      <UniqueIdentifier>{4FC737F1-C7A5-4376-A066-2A32D752A2FF}</UniqueIdentifier>
      <Extensions>cpp;c;cxx;def;odl;idl;hpj;bat;asm;asmx</Extensions>
    </Filter>
    <Filter Include="Header Files">
      <UniqueIdentifier>{93995380-89BD-4b04-88EB-625FBE52EBFB}</UniqueIdentifier>
      <Extensions>h;hpp;hxx;hm;inl;inc;xsd</Extensions>
    </Filter>
  </ItemGroup>
  <ItemGroup>
    <ClCompile Include="..\Source\DIBData.cpp">
      <Filter>Source Files</Filter>
    </ClCompile>
    <ClCompile Include="..\Source\Ripple.cpp">
      <Filter>Source Files</Filter>
    </ClCompile>
    <ClCompile Include="..\Source\StdAfx.cpp">
      <Filter>Source Files</Filter>
    </ClCompile>
    <ClCompile Include="..\Source\Utility.cpp">
      <Filter>Source Files</Filter>
    </ClCompile>
    <ClCompile Include="..\Source\Wisp3D.cpp">
      <Filter>Source Files</Filter>
    </ClCompile>
    <ClCompile Include="..\Source\WispBase.cpp">
      <Filter>Source Files</Filter>
    </ClCompile>
    <ClCompile Include="..\Source\WispBaseWnd.cpp">
      <Filter>Source Files</Filter>
    </ClCompile>
    <ClCompile Include="..\Source\WispButton.cpp">
      <Filter>Source Files</Filter>
    </ClCompile>
    <ClCompile Include="..\Source\WispCalcWnd.cpp">
      <Filter>Source Files</Filter>
    </ClCompile>
    <ClCompile Include="..\Source\WispCheckBox.cpp">
      <Filter>Source Files</Filter>
    </ClCompile>
    <ClCompile Include="..\Source\WispColorStrWnd.cpp">
      <Filter>Source Files</Filter>
    </ClCompile>
    <ClCompile Include="..\Source\WispComboBox.cpp">
      <Filter>Source Files</Filter>
    </ClCompile>
    <ClCompile Include="..\Source\WispConsoleWnd.cpp">
      <Filter>Source Files</Filter>
    </ClCompile>
    <ClCompile Include="..\Source\WispDC.cpp">
      <Filter>Source Files</Filter>
    </ClCompile>
    <ClCompile Include="..\Source\WispDIB.cpp">
      <Filter>Source Files</Filter>
    </ClCompile>
    <ClCompile Include="..\Source\WispDIBLib.cpp">
      <Filter>Source Files</Filter>
    </ClCompile>
    <ClCompile Include="..\Source\WispDrawHAL.cpp">
      <Filter>Source Files</Filter>
    </ClCompile>
    <ClCompile Include="..\Source\WispDrawObj.cpp">
      <Filter>Source Files</Filter>
    </ClCompile>
    <ClCompile Include="..\Source\WispEdit.cpp">
      <Filter>Source Files</Filter>
    </ClCompile>
    <ClCompile Include="..\Source\WispFont.cpp">
      <Filter>Source Files</Filter>
    </ClCompile>
    <ClCompile Include="..\Source\WispForm.cpp">
      <Filter>Source Files</Filter>
    </ClCompile>
    <ClCompile Include="..\Source\WispHexWnd.cpp">
      <Filter>Source Files</Filter>
    </ClCompile>
    <ClCompile Include="..\Source\WispInfoWnd.cpp">
      <Filter>Source Files</Filter>
    </ClCompile>
    <ClCompile Include="..\Source\WispList.cpp">
      <Filter>Source Files</Filter>
    </ClCompile>
    <ClCompile Include="..\Source\WispMenu.cpp">
      <Filter>Source Files</Filter>
    </ClCompile>
    <ClCompile Include="..\Source\WispMisc.cpp">
      <Filter>Source Files</Filter>
    </ClCompile>
    <ClCompile Include="..\Source\WispMsgBox.cpp">
      <Filter>Source Files</Filter>
    </ClCompile>
    <ClCompile Include="..\Source\WispMultiTabView.cpp">
      <Filter>Source Files</Filter>
    </ClCompile>
    <ClCompile Include="..\Source\WispOptionForm.cpp">
      <Filter>Source Files</Filter>
    </ClCompile>
    <ClCompile Include="..\Source\WispProgress.cpp">
      <Filter>Source Files</Filter>
    </ClCompile>
    <ClCompile Include="..\Source\WispRadioBox.cpp">
      <Filter>Source Files</Filter>
    </ClCompile>
    <ClCompile Include="..\Source\WispRGBSelect.cpp">
      <Filter>Source Files</Filter>
    </ClCompile>
    <ClCompile Include="..\Source\WispSoftKeyboard.cpp">
      <Filter>Source Files</Filter>
    </ClCompile>
    <ClCompile Include="..\Source\WispSplitWnd.cpp">
      <Filter>Source Files</Filter>
    </ClCompile>
    <ClCompile Include="..\Source\WispStatic.cpp">
      <Filter>Source Files</Filter>
    </ClCompile>
    <ClCompile Include="..\Source\WispTabWnd.cpp">
      <Filter>Source Files</Filter>
    </ClCompile>
    <ClCompile Include="..\Source\WispTaskPanel.cpp">
      <Filter>Source Files</Filter>
    </ClCompile>
    <ClCompile Include="..\Source\WispTipWnd.cpp">
      <Filter>Source Files</Filter>
    </ClCompile>
    <ClCompile Include="..\Source\WispToolbar.cpp">
      <Filter>Source Files</Filter>
    </ClCompile>
    <ClCompile Include="..\Source\WispWnd.cpp">
      <Filter>Source Files</Filter>
    </ClCompile>
  </ItemGroup>
  <ItemGroup>
    <ClInclude Include="..\Source\DIBData.h">
      <Filter>Header Files</Filter>
    </ClInclude>
    <ClInclude Include="..\Source\Ripple.h">
      <Filter>Header Files</Filter>
    </ClInclude>
    <ClInclude Include="..\Source\StdAfx.h">
      <Filter>Header Files</Filter>
    </ClInclude>
    <ClInclude Include="..\Source\Utility.h">
      <Filter>Header Files</Filter>
    </ClInclude>
    <ClInclude Include="..\Source\Wisp.h">
      <Filter>Header Files</Filter>
    </ClInclude>
    <ClInclude Include="..\Source\Wisp3D.h">
      <Filter>Header Files</Filter>
    </ClInclude>
    <ClInclude Include="..\Source\WispBase.h">
      <Filter>Header Files</Filter>
    </ClInclude>
    <ClInclude Include="..\Source\WispBaseWnd.h">
      <Filter>Header Files</Filter>
    </ClInclude>
    <ClInclude Include="..\Source\WispButton.h">
      <Filter>Header Files</Filter>
    </ClInclude>
    <ClInclude Include="..\Source\WispCalcWnd.h">
      <Filter>Header Files</Filter>
    </ClInclude>
    <ClInclude Include="..\Source\WispCheckBox.h">
      <Filter>Header Files</Filter>
    </ClInclude>
    <ClInclude Include="..\Source\WispColorStrWnd.h">
      <Filter>Header Files</Filter>
    </ClInclude>
    <ClInclude Include="..\Source\WispComboBox.h">
      <Filter>Header Files</Filter>
    </ClInclude>
    <ClInclude Include="..\Source\WispConfig.h">
      <Filter>Header Files</Filter>
    </ClInclude>
    <ClInclude Include="..\Source\WispConsoleWnd.h">
      <Filter>Header Files</Filter>
    </ClInclude>
    <ClInclude Include="..\Source\WispDC.h">
      <Filter>Header Files</Filter>
    </ClInclude>
    <ClInclude Include="..\Source\WispDefine.h">
      <Filter>Header Files</Filter>
    </ClInclude>
    <ClInclude Include="..\Source\WispDIB.h">
      <Filter>Header Files</Filter>
    </ClInclude>
    <ClInclude Include="..\Source\WispDIBLib.h">
      <Filter>Header Files</Filter>
    </ClInclude>
    <ClInclude Include="..\Source\WispDrawHAL.h">
      <Filter>Header Files</Filter>
    </ClInclude>
    <ClInclude Include="..\Source\WispDrawObj.h">
      <Filter>Header Files</Filter>
    </ClInclude>
    <ClInclude Include="..\Source\WispEdit.h">
      <Filter>Header Files</Filter>
    </ClInclude>
    <ClInclude Include="..\Source\WispFont.h">
      <Filter>Header Files</Filter>
    </ClInclude>
    <ClInclude Include="..\Source\WispForm.h">
      <Filter>Header Files</Filter>
    </ClInclude>
    <ClInclude Include="..\Source\WispHexWnd.h">
      <Filter>Header Files</Filter>
    </ClInclude>
    <ClInclude Include="..\Source\WispInfoWnd.h">
      <Filter>Header Files</Filter>
    </ClInclude>
    <ClInclude Include="..\Source\WispList.h">
      <Filter>Header Files</Filter>
    </ClInclude>
    <ClInclude Include="..\Source\WispMenu.h">
      <Filter>Header Files</Filter>
    </ClInclude>
    <ClInclude Include="..\Source\WispMisc.h">
      <Filter>Header Files</Filter>
    </ClInclude>
    <ClInclude Include="..\Source\WispMsgBox.h">
      <Filter>Header Files</Filter>
    </ClInclude>
    <ClInclude Include="..\Source\WispMsgDefine.h">
      <Filter>Header Files</Filter>
    </ClInclude>
    <ClInclude Include="..\Source\WispMultiTabView.h">
      <Filter>Header Files</Filter>
    </ClInclude>
    <ClInclude Include="..\Source\WispOptionForm.h">
      <Filter>Header Files</Filter>
    </ClInclude>
    <ClInclude Include="..\Source\WispProgress.h">
      <Filter>Header Files</Filter>
    </ClInclude>
    <ClInclude Include="..\Source\WispRadioBox.h">
      <Filter>Header Files</Filter>
    </ClInclude>
    <ClInclude Include="..\Source\WispRGBSelect.h">
      <Filter>Header Files</Filter>
    </ClInclude>
    <ClInclude Include="..\Source\WispSoftKeyboard.h">
      <Filter>Header Files</Filter>
    </ClInclude>
    <ClInclude Include="..\Source\WispSplitWnd.h">
      <Filter>Header Files</Filter>
    </ClInclude>
    <ClInclude Include="..\Source\WispStatic.h">
      <Filter>Header Files</Filter>
    </ClInclude>
    <ClInclude Include="..\Source\WispTabWnd.h">
      <Filter>Header Files</Filter>
    </ClInclude>
    <ClInclude Include="..\Source\WispTaskPanel.h">
      <Filter>Header Files</Filter>
    </ClInclude>
    <ClInclude Include="..\Source\WispTipWnd.h">
      <Filter>Header Files</Filter>
    </ClInclude>
    <ClInclude Include="..\Source\WispToolbar.h">
      <Filter>Header Files</Filter>
    </ClInclude>
    <ClInclude Include="..\Source\WispWnd.h">
      <Filter>Header Files</Filter>
    </ClInclude>
  </ItemGroup>
</Project>