<?xml version="1.0" encoding="utf-8"?>
<Project ToolsVersion="4.0" xmlns="http://schemas.microsoft.com/developer/msbuild/2003">
  <ItemGroup>
    <Filter Include="Source Files">
      <UniqueIdentifier>{4FC737F1-C7A5-4376-A066-2A32D752A2FF}</UniqueIdentifier>
      <Extensions>cpp;c;cxx;def;odl;idl;hpj;bat;asm;asmx</Extensions>
    </Filter>
    <Filter Include="Header Files">
      <UniqueIdentifier>{93995380-89BD-4b04-88EB-625FBE52EBFB}</UniqueIdentifier>
      <Extensions>h;hpp;hxx;hm;inl;inc;xsd</Extensions>
    </Filter>
    <Filter Include="Header Files\alt">
      <UniqueIdentifier>{18b56b3a-9689-4914-9c6f-23dcf340b998}</UniqueIdentifier>
    </Filter>
  </ItemGroup>
  <ItemGroup>
    <ClCompile Include="..\Source\CmdParser.cpp">
      <Filter>Source Files</Filter>
    </ClCompile>
    <ClCompile Include="..\Source\Compress.cpp">
      <Filter>Source Files</Filter>
    </ClCompile>
    <ClCompile Include="..\Source\Crc.cpp">
      <Filter>Source Files</Filter>
    </ClCompile>
    <ClCompile Include="..\Source\DebugNewAlloc.cpp">
      <Filter>Source Files</Filter>
    </ClCompile>
    <ClCompile Include="..\Source\DebugNewAllocWin32.cpp">
      <Filter>Source Files</Filter>
    </ClCompile>
    <ClCompile Include="..\Source\FileIO.cpp">
      <Filter>Source Files</Filter>
    </ClCompile>
    <ClCompile Include="..\Source\FileIOWin32.cpp">
      <Filter>Source Files</Filter>
    </ClCompile>
    <ClCompile Include="..\Source\Float2String.cpp">
      <Filter>Source Files</Filter>
    </ClCompile>
    <ClCompile Include="..\Source\Handle.cpp">
      <Filter>Source Files</Filter>
    </ClCompile>
    <ClCompile Include="..\Source\Heap.cpp">
      <Filter>Source Files</Filter>
    </ClCompile>
    <ClCompile Include="..\Source\HttpDownload.cpp">
      <Filter>Source Files</Filter>
    </ClCompile>
    <ClCompile Include="..\Source\HttpUpload.cpp">
      <Filter>Source Files</Filter>
    </ClCompile>
    <ClCompile Include="..\Source\ImageFile.cpp">
      <Filter>Source Files</Filter>
    </ClCompile>
    <ClCompile Include="..\Source\INIFile.cpp">
      <Filter>Source Files</Filter>
    </ClCompile>
    <ClCompile Include="..\Source\LogFile.cpp">
      <Filter>Source Files</Filter>
    </ClCompile>
    <ClCompile Include="..\Source\Maths.cpp">
      <Filter>Source Files</Filter>
    </ClCompile>
    <ClCompile Include="..\Source\NewAlloc.cpp">
      <Filter>Source Files</Filter>
    </ClCompile>
    <ClCompile Include="..\Source\NewAllocWin32.cpp">
      <Filter>Source Files</Filter>
    </ClCompile>
    <ClCompile Include="..\Source\OptionValue.cpp">
      <Filter>Source Files</Filter>
    </ClCompile>
    <ClCompile Include="..\Source\PageMem.cpp">
      <Filter>Source Files</Filter>
    </ClCompile>
    <ClCompile Include="..\Source\PolyFS.cpp">
      <Filter>Source Files</Filter>
    </ClCompile>
    <ClCompile Include="..\Source\StdAfx.cpp">
      <Filter>Source Files</Filter>
    </ClCompile>
    <ClCompile Include="..\Source\StrMem.cpp">
      <Filter>Source Files</Filter>
    </ClCompile>
    <ClCompile Include="..\Source\SysDep.cpp">
      <Filter>Source Files</Filter>
    </ClCompile>
    <ClCompile Include="..\Source\TXTFile.cpp">
      <Filter>Source Files</Filter>
    </ClCompile>
    <ClCompile Include="..\Source\WinReg.cpp">
      <Filter>Source Files</Filter>
    </ClCompile>
  </ItemGroup>
  <ItemGroup>
    <ClInclude Include="..\Source\CmdParser.h">
      <Filter>Header Files</Filter>
    </ClInclude>
    <ClInclude Include="..\Source\Code.h">
      <Filter>Header Files</Filter>
    </ClInclude>
    <ClInclude Include="..\Source\CodeConfig.h">
      <Filter>Header Files</Filter>
    </ClInclude>
    <ClInclude Include="..\Source\CodeDepInc.h">
      <Filter>Header Files</Filter>
    </ClInclude>
    <ClInclude Include="..\Source\Compress.h">
      <Filter>Header Files</Filter>
    </ClInclude>
    <ClInclude Include="..\Source\Crc.h">
      <Filter>Header Files</Filter>
    </ClInclude>
    <ClInclude Include="..\Source\DebugNewAlloc.h">
      <Filter>Header Files</Filter>
    </ClInclude>
    <ClInclude Include="..\Source\Define.h">
      <Filter>Header Files</Filter>
    </ClInclude>
    <ClInclude Include="..\Source\FileIO.h">
      <Filter>Header Files</Filter>
    </ClInclude>
    <ClInclude Include="..\Source\FileIONTDrv.h">
      <Filter>Header Files</Filter>
    </ClInclude>
    <ClInclude Include="..\Source\FileIOUnix.h">
      <Filter>Header Files</Filter>
    </ClInclude>
    <ClInclude Include="..\Source\FileIOWin32.h">
      <Filter>Header Files</Filter>
    </ClInclude>
    <ClInclude Include="..\Source\Float2String.h">
      <Filter>Header Files</Filter>
    </ClInclude>
    <ClInclude Include="..\Source\Handle.h">
      <Filter>Header Files</Filter>
    </ClInclude>
    <ClInclude Include="..\Source\Heap.h">
      <Filter>Header Files</Filter>
    </ClInclude>
    <ClInclude Include="..\Source\HttpDownload.h">
      <Filter>Header Files</Filter>
    </ClInclude>
    <ClInclude Include="..\Source\HttpUpload.h">
      <Filter>Header Files</Filter>
    </ClInclude>
    <ClInclude Include="..\Source\ImageFile.h">
      <Filter>Header Files</Filter>
    </ClInclude>
    <ClInclude Include="..\Source\INIFile.h">
      <Filter>Header Files</Filter>
    </ClInclude>
    <ClInclude Include="..\Source\LogFile.h">
      <Filter>Header Files</Filter>
    </ClInclude>
    <ClInclude Include="..\Source\Maths.h">
      <Filter>Header Files</Filter>
    </ClInclude>
    <ClInclude Include="..\Source\NewAlloc.h">
      <Filter>Header Files</Filter>
    </ClInclude>
    <ClInclude Include="..\Source\OptionValue.h">
      <Filter>Header Files</Filter>
    </ClInclude>
    <ClInclude Include="..\Source\PageMem.h">
      <Filter>Header Files</Filter>
    </ClInclude>
    <ClInclude Include="..\Source\PolyFS.h">
      <Filter>Header Files</Filter>
    </ClInclude>
    <ClInclude Include="..\Source\StdAfx.h">
      <Filter>Header Files</Filter>
    </ClInclude>
    <ClInclude Include="..\Source\StrMem.h">
      <Filter>Header Files</Filter>
    </ClInclude>
    <ClInclude Include="..\Source\SysDep.h">
      <Filter>Header Files</Filter>
    </ClInclude>
    <ClInclude Include="..\Source\TStrMem.h">
      <Filter>Header Files</Filter>
    </ClInclude>
    <ClInclude Include="..\Source\TXTFile.h">
      <Filter>Header Files</Filter>
    </ClInclude>
    <ClInclude Include="..\Source\WinReg.h">
      <Filter>Header Files</Filter>
    </ClInclude>
    <ClInclude Include="..\Source\X86Debugger.h">
      <Filter>Header Files</Filter>
    </ClInclude>
    <ClInclude Include="..\Source\alt\alt.hpp">
      <Filter>Header Files\alt</Filter>
    </ClInclude>
    <ClInclude Include="..\Source\alt\ALTArray.hpp">
      <Filter>Header Files\alt</Filter>
    </ClInclude>
    <ClInclude Include="..\Source\alt\ALTBase.hpp">
      <Filter>Header Files\alt</Filter>
    </ClInclude>
    <ClInclude Include="..\Source\alt\ALTBTree.hpp">
      <Filter>Header Files\alt</Filter>
    </ClInclude>
    <ClInclude Include="..\Source\alt\ALTConfig.hpp">
      <Filter>Header Files\alt</Filter>
    </ClInclude>
    <ClInclude Include="..\Source\alt\ALTExpCalc.hpp">
      <Filter>Header Files\alt</Filter>
    </ClInclude>
    <ClInclude Include="..\Source\alt\ALTFileStream.hpp">
      <Filter>Header Files\alt</Filter>
    </ClInclude>
    <ClInclude Include="..\Source\alt\ALTList.hpp">
      <Filter>Header Files\alt</Filter>
    </ClInclude>
    <ClInclude Include="..\Source\alt\ALTMap.hpp">
      <Filter>Header Files\alt</Filter>
    </ClInclude>
    <ClInclude Include="..\Source\alt\ALTQueue.hpp">
      <Filter>Header Files\alt</Filter>
    </ClInclude>
    <ClInclude Include="..\Source\alt\ALTRangeMap.hpp">
      <Filter>Header Files\alt</Filter>
    </ClInclude>
    <ClInclude Include="..\Source\alt\ALTSet.hpp">
      <Filter>Header Files\alt</Filter>
    </ClInclude>
    <ClInclude Include="..\Source\alt\ALTStack.hpp">
      <Filter>Header Files\alt</Filter>
    </ClInclude>
    <ClInclude Include="..\Source\alt\ALTString.hpp">
      <Filter>Header Files\alt</Filter>
    </ClInclude>
    <ClInclude Include="..\Source\alt\ALTVector.hpp">
      <Filter>Header Files\alt</Filter>
    </ClInclude>
  </ItemGroup>
</Project>