<?xml version="1.0" encoding="utf-8"?>
<Project ToolsVersion="4.0" xmlns="http://schemas.microsoft.com/developer/msbuild/2003">
  <ItemGroup>
    <Filter Include="Source Files">
      <UniqueIdentifier>{4FC737F1-C7A5-4376-A066-2A32D752A2FF}</UniqueIdentifier>
      <Extensions>cpp;c;cxx;def;odl;idl;hpj;bat;asm;asmx</Extensions>
    </Filter>
    <Filter Include="Header Files">
      <UniqueIdentifier>{93995380-89BD-4b04-88EB-625FBE52EBFB}</UniqueIdentifier>
      <Extensions>h;hpp;hxx;hm;inl;inc;xsd</Extensions>
    </Filter>
    <Filter Include="Resource Files">
      <UniqueIdentifier>{67DA6AB6-F800-4c08-8B7A-83BB121AAD01}</UniqueIdentifier>
      <Extensions>rc;ico;cur;bmp;dlg;rc2;rct;bin;rgs;gif;jpg;jpeg;jpe;resx</Extensions>
    </Filter>
  </ItemGroup>
  <ItemGroup>
    <ClCompile Include="..\Source\AnalyseCom.cpp">
      <Filter>Source Files</Filter>
    </ClCompile>
    <ClCompile Include="..\..\Syser\Source\ColorOption.cpp">
      <Filter>Source Files</Filter>
    </ClCompile>
    <ClCompile Include="..\Source\DbgMsgFilter.cpp">
      <Filter>Source Files</Filter>
    </ClCompile>
    <ClCompile Include="..\Source\DXTest.cpp">
      <Filter>Source Files</Filter>
    </ClCompile>
    <ClCompile Include="..\Source\LoadIDAMapFile.cpp">
      <Filter>Source Files</Filter>
    </ClCompile>
    <ClCompile Include="..\Source\LoadSourceFile.cpp">
      <Filter>Source Files</Filter>
    </ClCompile>
    <ClCompile Include="..\Source\MainFrame.cpp">
      <Filter>Source Files</Filter>
    </ClCompile>
    <ClCompile Include="..\Source\NoPDBSymbol.cpp">
      <Filter>Source Files</Filter>
    </ClCompile>
    <ClCompile Include="..\Source\NTDriver.cpp">
      <Filter>Source Files</Filter>
    </ClCompile>
    <ClCompile Include="..\Source\OpenFileForm.cpp">
      <Filter>Source Files</Filter>
    </ClCompile>
    <ClCompile Include="..\Source\Process.cpp">
      <Filter>Source Files</Filter>
    </ClCompile>
    <ClCompile Include="..\Source\ProcessList.cpp">
      <Filter>Source Files</Filter>
    </ClCompile>
    <ClCompile Include="..\Source\RegisterForm.cpp">
      <Filter>Source Files</Filter>
    </ClCompile>
    <ClCompile Include="..\Source\Resource.cpp">
      <Filter>Source Files</Filter>
    </ClCompile>
    <ClCompile Include="..\Source\SNCheck.cpp">
      <Filter>Source Files</Filter>
    </ClCompile>
    <ClCompile Include="..\Source\SourceDebug.cpp">
      <Filter>Source Files</Filter>
    </ClCompile>
    <ClCompile Include="..\Source\StdAfx.cpp">
      <Filter>Source Files</Filter>
    </ClCompile>
    <ClCompile Include="..\..\Syser\Source\SyserAboutForm.cpp">
      <Filter>Source Files</Filter>
    </ClCompile>
    <ClCompile Include="..\Source\SyserApp.cpp">
      <Filter>Source Files</Filter>
    </ClCompile>
    <ClCompile Include="..\Source\SyserAppCmd.cpp">
      <Filter>Source Files</Filter>
    </ClCompile>
    <ClCompile Include="..\Source\SyserAppOption.cpp">
      <Filter>Source Files</Filter>
    </ClCompile>
    <ClCompile Include="..\Source\SyserInterface.cpp">
      <Filter>Source Files</Filter>
    </ClCompile>
    <ClCompile Include="..\..\Syser\Source\SyserOption.cpp">
      <Filter>Source Files</Filter>
    </ClCompile>
  </ItemGroup>
  <ItemGroup>
    <ClInclude Include="..\Source\AnalyseCom.h">
      <Filter>Header Files</Filter>
    </ClInclude>
    <ClInclude Include="..\..\Syser\Source\ColorOption.h">
      <Filter>Header Files</Filter>
    </ClInclude>
    <ClInclude Include="..\Source\DbgMsgFilter.h">
      <Filter>Header Files</Filter>
    </ClInclude>
    <ClInclude Include="..\..\..\Addition\Diasdk\include\dia2.h">
      <Filter>Header Files</Filter>
    </ClInclude>
    <ClInclude Include="..\Source\DXTest.h">
      <Filter>Header Files</Filter>
    </ClInclude>
    <ClInclude Include="..\Source\LoadIDAMapFile.h">
      <Filter>Header Files</Filter>
    </ClInclude>
    <ClInclude Include="..\Source\LoadSourceFile.h">
      <Filter>Header Files</Filter>
    </ClInclude>
    <ClInclude Include="..\Source\MainFrame.h">
      <Filter>Header Files</Filter>
    </ClInclude>
    <ClInclude Include="..\Source\NoPDBSymbol.h">
      <Filter>Header Files</Filter>
    </ClInclude>
    <ClInclude Include="..\..\Syser\Source\NTDLLDefine.h">
      <Filter>Header Files</Filter>
    </ClInclude>
    <ClInclude Include="..\Source\NTDriver.h">
      <Filter>Header Files</Filter>
    </ClInclude>
    <ClInclude Include="..\Source\OpenFileForm.h">
      <Filter>Header Files</Filter>
    </ClInclude>
    <ClInclude Include="..\Source\Process.h">
      <Filter>Header Files</Filter>
    </ClInclude>
    <ClInclude Include="..\Source\ProcessList.h">
      <Filter>Header Files</Filter>
    </ClInclude>
    <ClInclude Include="..\Source\RegisterForm.h">
      <Filter>Header Files</Filter>
    </ClInclude>
    <ClInclude Include="..\Source\Resource.h">
      <Filter>Header Files</Filter>
    </ClInclude>
    <ClInclude Include="..\Source\SNCheck.h">
      <Filter>Header Files</Filter>
    </ClInclude>
    <ClInclude Include="..\Source\SourceDebug.h">
      <Filter>Header Files</Filter>
    </ClInclude>
    <ClInclude Include="..\Source\StdAfx.h">
      <Filter>Header Files</Filter>
    </ClInclude>
    <ClInclude Include="..\..\Syser\Source\SyserAboutForm.h">
      <Filter>Header Files</Filter>
    </ClInclude>
    <ClInclude Include="..\Source\SyserApp.h">
      <Filter>Header Files</Filter>
    </ClInclude>
    <ClInclude Include="..\Source\SyserAppCmd.h">
      <Filter>Header Files</Filter>
    </ClInclude>
    <ClInclude Include="..\Source\SyserAppOption.h">
      <Filter>Header Files</Filter>
    </ClInclude>
    <ClInclude Include="..\..\..\Addition\SyserDebugger\SyserDebugger.h">
      <Filter>Header Files</Filter>
    </ClInclude>
    <ClInclude Include="..\..\Syser\Source\SyserDefine.h">
      <Filter>Header Files</Filter>
    </ClInclude>
    <ClInclude Include="..\Source\SyserInterface.h">
      <Filter>Header Files</Filter>
    </ClInclude>
    <ClInclude Include="..\..\Syser\Source\SyserOption.h">
      <Filter>Header Files</Filter>
    </ClInclude>
    <ClInclude Include="..\Source\SyserResource.h">
      <Filter>Header Files</Filter>
    </ClInclude>
  </ItemGroup>
  <ItemGroup>
    <None Include="..\Source\Res\rt_manif.bin">
      <Filter>Resource Files</Filter>
    </None>
  </ItemGroup>
  <ItemGroup>
    <Image Include="..\Source\Res\Syser.ico">
      <Filter>Resource Files</Filter>
    </Image>
    <Image Include="..\Source\Res\SyserOff.ico">
      <Filter>Resource Files</Filter>
    </Image>
  </ItemGroup>
  <ItemGroup>
    <ResourceCompile Include="..\Source\SyserApp.rc">
      <Filter>Resource Files</Filter>
    </ResourceCompile>
  </ItemGroup>
</Project>